
Microsoft Visual Studio Solution File, Format Version 12.00
# Visual Studio Version 16
VisualStudioVersion = 16.0.30523.141
MinimumVisualStudioVersion = 10.0.40219.1
Project("{9A19103F-16F7-4668-BE54-9A1E7A4F7556}") = "MoreItems", "MoreItems.csproj", "{D93E9364-D5B8-4592-AD11-1E02D5424A55}"
EndProject
Global
	GlobalSection(SolutionConfigurationPlatforms) = preSolution
		Debug|Any CPU = Debug|Any CPU
		Release|Any CPU = Release|Any CPU
	EndGlobalSection
	GlobalSection(ProjectConfigurationPlatforms) = postSolution
		{D93E9364-D5B8-4592-AD11-1E02D5424A55}.Debug|Any CPU.ActiveCfg = Debug|Any CPU
		{D93E9364-D5B8-4592-AD11-1E02D5424A55}.Debug|Any CPU.Build.0 = Debug|Any CPU
		{D93E9364-D5B8-4592-AD11-1E02D5424A55}.Release|Any CPU.ActiveCfg = Release|Any CPU
		{D93E9364-D5B8-4592-AD11-1E02D5424A55}.Release|Any CPU.Build.0 = Release|Any CPU
	EndGlobalSection
	GlobalSection(SolutionProperties) = preSolution
		HideSolutionNode = FALSE
	EndGlobalSection
	GlobalSection(ExtensibilityGlobals) = postSolution
		SolutionGuid = {2DE76C56-75B3-427F-8A5B-1DD7238C1604}
	EndGlobalSection
EndGlobal
